
Microsoft Visual Studio Solution File, Format Version 12.00
# Visual Studio Version 17
VisualStudioVersion = 17.12.35209.166
MinimumVisualStudioVersion = 10.0.40219.1
Project("{9A19103F-16F7-4668-BE54-9A1E7A4F7556}") = "Domain", "Domain\Domain.csproj", "{4FBAFCB6-899B-4F8E-872C-CD158E7F1296}"
EndProject
Project("{9A19103F-16F7-4668-BE54-9A1E7A4F7556}") = "Infrastructure", "Infrastructure\Infrastructure.csproj", "{57625193-BC75-4D43-B45B-21A58633653B}"
EndProject
Project("{9A19103F-16F7-4668-BE54-9A1E7A4F7556}") = "RegisterLoginForget", "AgentPatientManagement\RegisterLoginForget.csproj", "{1BECC937-9ED6-4838-845A-1008CDD4E234}"
EndProject
Project("{9A19103F-16F7-4668-BE54-9A1E7A4F7556}") = "App.Core", "App.Core\App.Core.csproj", "{0FC8E86F-472D-43A7-97D8-1A7D6A6180D3}"
EndProject
Global
	GlobalSection(SolutionConfigurationPlatforms) = preSolution
		Debug|Any CPU = Debug|Any CPU
		Release|Any CPU = Release|Any CPU
	EndGlobalSection
	GlobalSection(ProjectConfigurationPlatforms) = postSolution
		{4FBAFCB6-899B-4F8E-872C-CD158E7F1296}.Debug|Any CPU.ActiveCfg = Debug|Any CPU
		{4FBAFCB6-899B-4F8E-872C-CD158E7F1296}.Debug|Any CPU.Build.0 = Debug|Any CPU
		{4FBAFCB6-899B-4F8E-872C-CD158E7F1296}.Release|Any CPU.ActiveCfg = Release|Any CPU
		{4FBAFCB6-899B-4F8E-872C-CD158E7F1296}.Release|Any CPU.Build.0 = Release|Any CPU
		{57625193-BC75-4D43-B45B-21A58633653B}.Debug|Any CPU.ActiveCfg = Debug|Any CPU
		{57625193-BC75-4D43-B45B-21A58633653B}.Debug|Any CPU.Build.0 = Debug|Any CPU
		{57625193-BC75-4D43-B45B-21A58633653B}.Release|Any CPU.ActiveCfg = Release|Any CPU
		{57625193-BC75-4D43-B45B-21A58633653B}.Release|Any CPU.Build.0 = Release|Any CPU
		{1BECC937-9ED6-4838-845A-1008CDD4E234}.Debug|Any CPU.ActiveCfg = Debug|Any CPU
		{1BECC937-9ED6-4838-845A-1008CDD4E234}.Debug|Any CPU.Build.0 = Debug|Any CPU
		{1BECC937-9ED6-4838-845A-1008CDD4E234}.Release|Any CPU.ActiveCfg = Release|Any CPU
		{1BECC937-9ED6-4838-845A-1008CDD4E234}.Release|Any CPU.Build.0 = Release|Any CPU
		{0FC8E86F-472D-43A7-97D8-1A7D6A6180D3}.Debug|Any CPU.ActiveCfg = Debug|Any CPU
		{0FC8E86F-472D-43A7-97D8-1A7D6A6180D3}.Debug|Any CPU.Build.0 = Debug|Any CPU
		{0FC8E86F-472D-43A7-97D8-1A7D6A6180D3}.Release|Any CPU.ActiveCfg = Release|Any CPU
		{0FC8E86F-472D-43A7-97D8-1A7D6A6180D3}.Release|Any CPU.Build.0 = Release|Any CPU
	EndGlobalSection
	GlobalSection(SolutionProperties) = preSolution
		HideSolutionNode = FALSE
	EndGlobalSection
	GlobalSection(ExtensibilityGlobals) = postSolution
		SolutionGuid = {2B58BE38-3BAB-4298-B99A-06FE079E865C}
	EndGlobalSection
EndGlobal
